// !$*UTF8*$!
{
	archiveVersion = 1;
	classes = {
	};
	objectVersion = 46;
	objects = {

/* Begin PBXBuildFile section */
		1D02C8F3133871C800B5415B /* UIKit.framework in Frameworks */ = {isa = PBXBuildFile; fileRef = 1D02C8F2133871C800B5415B /* UIKit.framework */; };
		1D02C8F5133871C800B5415B /* Foundation.framework in Frameworks */ = {isa = PBXBuildFile; fileRef = 1D02C8F4133871C800B5415B /* Foundation.framework */; };
		1D02C8F7133871C800B5415B /* CoreGraphics.framework in Frameworks */ = {isa = PBXBuildFile; fileRef = 1D02C8F6133871C800B5415B /* CoreGraphics.framework */; };
		1D02C8FD133871C800B5415B /* InfoPlist.strings in Resources */ = {isa = PBXBuildFile; fileRef = 1D02C8FB133871C800B5415B /* InfoPlist.strings */; };
		1D02C900133871C800B5415B /* main.m in Sources */ = {isa = PBXBuildFile; fileRef = 1D02C8FF133871C800B5415B /* main.m */; };
		1D02C903133871C800B5415B /* SDIAppDelegate.m in Sources */ = {isa = PBXBuildFile; fileRef = 1D02C902133871C800B5415B /* SDIAppDelegate.m */; };
		1D02C906133871C800B5415B /* MainWindow.xib in Resources */ = {isa = PBXBuildFile; fileRef = 1D02C904133871C800B5415B /* MainWindow.xib */; };
		1D02C91E13388D1100B5415B /* LPGlobal.m in Sources */ = {isa = PBXBuildFile; fileRef = 1D02C91B13388D1100B5415B /* LPGlobal.m */; };
		1D02C91F13388D1100B5415B /* LPDebug.m in Sources */ = {isa = PBXBuildFile; fileRef = 1D02C91D13388D1100B5415B /* LPDebug.m */; };
		1D02C92213388E0900B5415B /* QuartzCore.framework in Frameworks */ = {isa = PBXBuildFile; fileRef = 1D02C92113388E0900B5415B /* QuartzCore.framework */; };
		1D02C9401338907C00B5415B /* AppInfo.m in Sources */ = {isa = PBXBuildFile; fileRef = 1D02C93F1338907C00B5415B /* AppInfo.m */; };
		1D0C2E0B134A82130000E88F /* UIView+Position.m in Sources */ = {isa = PBXBuildFile; fileRef = 1D0C2E0A134A82130000E88F /* UIView+Position.m */; };
		1D0C2E16134A84150000E88F /* UIView+Hierarchy.m in Sources */ = {isa = PBXBuildFile; fileRef = 1D0C2E15134A84150000E88F /* UIView+Hierarchy.m */; };
		1D0C2E21134AA2D40000E88F /* SBManager.m in Sources */ = {isa = PBXBuildFile; fileRef = 1D0C2E20134AA2D40000E88F /* SBManager.m */; };
		1D0DEABB134EC56100858B85 /* IRGroup.m in Sources */ = {isa = PBXBuildFile; fileRef = 1D0DEABA134EC56100858B85 /* IRGroup.m */; };
		1D0DEAD3134ED80300858B85 /* UIView+FirstResponder.m in Sources */ = {isa = PBXBuildFile; fileRef = 1D0DEAD2134ED80300858B85 /* UIView+FirstResponder.m */; };
		1D0DEADE134EDE8D00858B85 /* LPGridTabaleCell.m in Sources */ = {isa = PBXBuildFile; fileRef = 1D0DEADD134EDE8D00858B85 /* LPGridTabaleCell.m */; };
		1D21CA69134BCE1B00CEF3D9 /* ASLConnection.m in Sources */ = {isa = PBXBuildFile; fileRef = 1D21CA66134BCE1B00CEF3D9 /* ASLConnection.m */; };
		1D21CA6A134BCE1B00CEF3D9 /* SOLogger.m in Sources */ = {isa = PBXBuildFile; fileRef = 1D21CA68134BCE1B00CEF3D9 /* SOLogger.m */; };
		1D21CA9E134BE3AB00CEF3D9 /* IRStockEditViewController.m in Sources */ = {isa = PBXBuildFile; fileRef = 1D21CA9C134BE3AB00CEF3D9 /* IRStockEditViewController.m */; };
		1D21CA9F134BE3AB00CEF3D9 /* IRStockEditViewController.xib in Resources */ = {isa = PBXBuildFile; fileRef = 1D21CA9D134BE3AB00CEF3D9 /* IRStockEditViewController.xib */; };
		1D21CAA3134BE3BD00CEF3D9 /* IRStockAddViewController.m in Sources */ = {isa = PBXBuildFile; fileRef = 1D21CAA1134BE3BD00CEF3D9 /* IRStockAddViewController.m */; };
		1D2318D3134305530029B6ED /* SDI.xcdatamodeld in Sources */ = {isa = PBXBuildFile; fileRef = 1D2318D1134305530029B6ED /* SDI.xcdatamodeld */; };
		1D2318E8134313E60029B6ED /* NSObject+JSON.m in Sources */ = {isa = PBXBuildFile; fileRef = 1D2318D7134313E60029B6ED /* NSObject+JSON.m */; };
		1D2318E9134313E60029B6ED /* SBJsonParser.m in Sources */ = {isa = PBXBuildFile; fileRef = 1D2318D9134313E60029B6ED /* SBJsonParser.m */; };
		1D2318EA134313E60029B6ED /* SBJsonStreamParser.m in Sources */ = {isa = PBXBuildFile; fileRef = 1D2318DB134313E60029B6ED /* SBJsonStreamParser.m */; };
		1D2318EB134313E60029B6ED /* SBJsonStreamParserAdapter.m in Sources */ = {isa = PBXBuildFile; fileRef = 1D2318DD134313E60029B6ED /* SBJsonStreamParserAdapter.m */; };
		1D2318EC134313E60029B6ED /* SBJsonStreamParserState.m in Sources */ = {isa = PBXBuildFile; fileRef = 1D2318DF134313E60029B6ED /* SBJsonStreamParserState.m */; };
		1D2318ED134313E60029B6ED /* SBJsonStreamWriter.m in Sources */ = {isa = PBXBuildFile; fileRef = 1D2318E1134313E60029B6ED /* SBJsonStreamWriter.m */; };
		1D2318EE134313E60029B6ED /* SBJsonStreamWriterState.m in Sources */ = {isa = PBXBuildFile; fileRef = 1D2318E3134313E60029B6ED /* SBJsonStreamWriterState.m */; };
		1D2318EF134313E60029B6ED /* SBJsonTokeniser.m in Sources */ = {isa = PBXBuildFile; fileRef = 1D2318E5134313E60029B6ED /* SBJsonTokeniser.m */; };
		1D2318F0134313E60029B6ED /* SBJsonWriter.m in Sources */ = {isa = PBXBuildFile; fileRef = 1D2318E7134313E60029B6ED /* SBJsonWriter.m */; };
		1D2318F3134319910029B6ED /* SBCount.m in Sources */ = {isa = PBXBuildFile; fileRef = 1D2318F2134319910029B6ED /* SBCount.m */; };
		1D2318F613431A460029B6ED /* SBCountController.m in Sources */ = {isa = PBXBuildFile; fileRef = 1D2318F513431A460029B6ED /* SBCountController.m */; };
		1D239C271340017C00A9DA45 /* SBRegBodyHeader.m in Sources */ = {isa = PBXBuildFile; fileRef = 1D239C261340017C00A9DA45 /* SBRegBodyHeader.m */; };
		1D4FE0FB133B280500AB63A4 /* AsyncSocket Documentation.html in Resources */ = {isa = PBXBuildFile; fileRef = 1D4FE0DF133B280500AB63A4 /* AsyncSocket Documentation.html */; };
		1D4FE0FC133B280500AB63A4 /* AsyncSocket.m in Sources */ = {isa = PBXBuildFile; fileRef = 1D4FE0E1133B280500AB63A4 /* AsyncSocket.m */; };
		1D4FE0FD133B280500AB63A4 /* AsyncUdpSocket.m in Sources */ = {isa = PBXBuildFile; fileRef = 1D4FE0E3133B280500AB63A4 /* AsyncUdpSocket.m */; };
		1D4FE0FE133B280500AB63A4 /* changes.txt in Resources */ = {isa = PBXBuildFile; fileRef = 1D4FE0E4133B280500AB63A4 /* changes.txt */; };
		1D4FE0FF133B280500AB63A4 /* IPAddress.c in Sources */ = {isa = PBXBuildFile; fileRef = 1D4FE0E5133B280500AB63A4 /* IPAddress.c */; };
		1D4FE10D133B285A00AB63A4 /* NSData+NSDataStrings.m in Sources */ = {isa = PBXBuildFile; fileRef = 1D4FE10C133B285A00AB63A4 /* NSData+NSDataStrings.m */; };
		1D4FE110133B286500AB63A4 /* LPWebSocket.m in Sources */ = {isa = PBXBuildFile; fileRef = 1D4FE10F133B286500AB63A4 /* LPWebSocket.m */; };
		1D4FE11D133B28E500AB63A4 /* DataHandler.m in Sources */ = {isa = PBXBuildFile; fileRef = 1D4FE119133B28E500AB63A4 /* DataHandler.m */; };
		1D4FE11E133B28E500AB63A4 /* TRGenerator.m in Sources */ = {isa = PBXBuildFile; fileRef = 1D4FE11C133B28E500AB63A4 /* TRGenerator.m */; };
		1D5EDF65134C1C5F0011943F /* TransparentToolbar.m in Sources */ = {isa = PBXBuildFile; fileRef = 1D5EDF64134C1C5F0011943F /* TransparentToolbar.m */; };
		1D7BF3741352D77200FC2759 /* star_off.png in Resources */ = {isa = PBXBuildFile; fileRef = 1D7BF3701352D77200FC2759 /* star_off.png */; };
		1D7BF3751352D77200FC2759 /* star_off@2x.png in Resources */ = {isa = PBXBuildFile; fileRef = 1D7BF3711352D77200FC2759 /* star_off@2x.png */; };
		1D7BF3761352D77200FC2759 /* star_on.png in Resources */ = {isa = PBXBuildFile; fileRef = 1D7BF3721352D77200FC2759 /* star_on.png */; };
		1D7BF3771352D77200FC2759 /* star_on@2x.png in Resources */ = {isa = PBXBuildFile; fileRef = 1D7BF3731352D77200FC2759 /* star_on@2x.png */; };
		1D90231D134C57A500DBCFAF /* IRStockListViewController.m in Sources */ = {isa = PBXBuildFile; fileRef = 1D90231B134C57A500DBCFAF /* IRStockListViewController.m */; };
		1D90231E134C57A500DBCFAF /* IRStockListViewController.xib in Resources */ = {isa = PBXBuildFile; fileRef = 1D90231C134C57A500DBCFAF /* IRStockListViewController.xib */; };
		1D975F5C133B36A5000E74FB /* CFNetwork.framework in Frameworks */ = {isa = PBXBuildFile; fileRef = 1D975F5B133B36A5000E74FB /* CFNetwork.framework */; };
		1D975F69133B3703000E74FB /* SQHeader.m in Sources */ = {isa = PBXBuildFile; fileRef = 1D975F68133B3703000E74FB /* SQHeader.m */; };
		1D975F6E133B370B000E74FB /* SBHeader.m in Sources */ = {isa = PBXBuildFile; fileRef = 1D975F6B133B370B000E74FB /* SBHeader.m */; };
		1D975F6F133B370B000E74FB /* SBBody.m in Sources */ = {isa = PBXBuildFile; fileRef = 1D975F6D133B370B000E74FB /* SBBody.m */; };
		1D975F74133B3772000E74FB /* CommHeader.m in Sources */ = {isa = PBXBuildFile; fileRef = 1D975F71133B3772000E74FB /* CommHeader.m */; };
		1D975F75133B3772000E74FB /* DataHeader.m in Sources */ = {isa = PBXBuildFile; fileRef = 1D975F73133B3772000E74FB /* DataHeader.m */; };
		1DA0D66F133C0A2600787FB2 /* LPUtils.m in Sources */ = {isa = PBXBuildFile; fileRef = 1DA0D66E133C0A2600787FB2 /* LPUtils.m */; };
		1DA0D672133C0D0B00787FB2 /* LPPageControl.m in Sources */ = {isa = PBXBuildFile; fileRef = 1DA0D671133C0D0B00787FB2 /* LPPageControl.m */; };
		1DA0D675133C203600787FB2 /* ribbon.png in Resources */ = {isa = PBXBuildFile; fileRef = 1DA0D673133C203600787FB2 /* ribbon.png */; };
		1DA0D676133C203600787FB2 /* ribbon@2x.png in Resources */ = {isa = PBXBuildFile; fileRef = 1DA0D674133C203600787FB2 /* ribbon@2x.png */; };
		1DA0D681133C29A900787FB2 /* IndexViewController.m in Sources */ = {isa = PBXBuildFile; fileRef = 1DA0D67F133C29A900787FB2 /* IndexViewController.m */; };
		1DA0D682133C29A900787FB2 /* IndexViewController.xib in Resources */ = {isa = PBXBuildFile; fileRef = 1DA0D680133C29A900787FB2 /* IndexViewController.xib */; };
		1DBC17D01355069000B50564 /* NSDate+Timesince.m in Sources */ = {isa = PBXBuildFile; fileRef = 1DBC17CF1355069000B50564 /* NSDate+Timesince.m */; };
		1DC5437C1339C25A00ADBDC4 /* LPSlidePageControl.m in Sources */ = {isa = PBXBuildFile; fileRef = 1DC5437B1339C25A00ADBDC4 /* LPSlidePageControl.m */; };
		1DC543821339C34B00ADBDC4 /* sliderPageControl.png in Resources */ = {isa = PBXBuildFile; fileRef = 1DC5437E1339C34B00ADBDC4 /* sliderPageControl.png */; };
		1DC543831339C34B00ADBDC4 /* sliderPageControl@2x.png in Resources */ = {isa = PBXBuildFile; fileRef = 1DC5437F1339C34B00ADBDC4 /* sliderPageControl@2x.png */; };
		1DC543841339C34B00ADBDC4 /* sliderPageControlBg.png in Resources */ = {isa = PBXBuildFile; fileRef = 1DC543801339C34B00ADBDC4 /* sliderPageControlBg.png */; };
		1DC543851339C34B00ADBDC4 /* sliderPageControlBg@2x.png in Resources */ = {isa = PBXBuildFile; fileRef = 1DC543811339C34B00ADBDC4 /* sliderPageControlBg@2x.png */; };
		1DC74EF713526BBA00341C47 /* IRStock.m in Sources */ = {isa = PBXBuildFile; fileRef = 1DC74EF613526BBA00341C47 /* IRStock.m */; };
		1DC8DC5B13419E42002E758F /* SBRegBody.m in Sources */ = {isa = PBXBuildFile; fileRef = 1DC8DC5A13419E42002E758F /* SBRegBody.m */; };
		1DCC5AE113398926004E366F /* StockCode.m in Sources */ = {isa = PBXBuildFile; fileRef = 1DCC5AE013398926004E366F /* StockCode.m */; };
		1DCC5AE513398BD5004E366F /* CSVParser.m in Sources */ = {isa = PBXBuildFile; fileRef = 1DCC5AE413398BD5004E366F /* CSVParser.m */; };
		1DD75424134E6FCE003867AE /* LoginViewController.m in Sources */ = {isa = PBXBuildFile; fileRef = 1DD75422134E6FCE003867AE /* LoginViewController.m */; };
		1DD75425134E6FCE003867AE /* LoginViewController.xib in Resources */ = {isa = PBXBuildFile; fileRef = 1DD75423134E6FCE003867AE /* LoginViewController.xib */; };
		1DD754B4134E989E003867AE /* SDI.sqlite in Resources */ = {isa = PBXBuildFile; fileRef = 1DD754B3134E989E003867AE /* SDI.sqlite */; };
		1DD82A441343EB4000B1ADE8 /* CoreData.framework in Frameworks */ = {isa = PBXBuildFile; fileRef = 1DD82A431343EB4000B1ADE8 /* CoreData.framework */; };
		1DDF74511353D7F0007FB5F5 /* IRStockAddViewController.xib in Resources */ = {isa = PBXBuildFile; fileRef = 1DDF74501353D7F0007FB5F5 /* IRStockAddViewController.xib */; };
		1DDF748D13540379007FB5F5 /* libLPLibrary.a in Frameworks */ = {isa = PBXBuildFile; fileRef = 1DDF748B13540379007FB5F5 /* libLPLibrary.a */; };
		1DF4A1DA13497D4300BC587C /* MyMenuViewController.m in Sources */ = {isa = PBXBuildFile; fileRef = 1DF4A1D813497D4300BC587C /* MyMenuViewController.m */; };
		1DF4A1DB13497D4300BC587C /* MyMenuViewController.xib in Resources */ = {isa = PBXBuildFile; fileRef = 1DF4A1D913497D4300BC587C /* MyMenuViewController.xib */; };
		1DF4A1DF13497D6800BC587C /* MyMenuView.m in Sources */ = {isa = PBXBuildFile; fileRef = 1DF4A1DE13497D6800BC587C /* MyMenuView.m */; };
		1DF4A1E113498C1000BC587C /* 1.png in Resources */ = {isa = PBXBuildFile; fileRef = 1DF4A1E013498C1000BC587C /* 1.png */; };
		1DF4A1E313498C2C00BC587C /* 2.png in Resources */ = {isa = PBXBuildFile; fileRef = 1DF4A1E213498C2B00BC587C /* 2.png */; };
		1DF4A1EC13498CF800BC587C /* 3.png in Resources */ = {isa = PBXBuildFile; fileRef = 1DF4A1E413498CF800BC587C /* 3.png */; };
		1DF4A1ED13498CF800BC587C /* 4.png in Resources */ = {isa = PBXBuildFile; fileRef = 1DF4A1E513498CF800BC587C /* 4.png */; };
		1DF4A1EE13498CF800BC587C /* 5.png in Resources */ = {isa = PBXBuildFile; fileRef = 1DF4A1E613498CF800BC587C /* 5.png */; };
		1DF4A1EF13498CF800BC587C /* 6.png in Resources */ = {isa = PBXBuildFile; fileRef = 1DF4A1E713498CF800BC587C /* 6.png */; };
		1DF4A1F013498CF800BC587C /* 7.png in Resources */ = {isa = PBXBuildFile; fileRef = 1DF4A1E813498CF800BC587C /* 7.png */; };
		1DF4A1F113498CF800BC587C /* 8.png in Resources */ = {isa = PBXBuildFile; fileRef = 1DF4A1E913498CF800BC587C /* 8.png */; };
		1DF4A1F213498CF800BC587C /* 9.png in Resources */ = {isa = PBXBuildFile; fileRef = 1DF4A1EA13498CF800BC587C /* 9.png */; };
		1DF4A1F313498CF800BC587C /* 10.png in Resources */ = {isa = PBXBuildFile; fileRef = 1DF4A1EB13498CF800BC587C /* 10.png */; };
		1DF4A2101349A18800BC587C /* 11.png in Resources */ = {isa = PBXBuildFile; fileRef = 1DF4A2061349A18700BC587C /* 11.png */; };
		1DF4A2111349A18800BC587C /* 12.png in Resources */ = {isa = PBXBuildFile; fileRef = 1DF4A2071349A18700BC587C /* 12.png */; };
		1DF4A2121349A18800BC587C /* 13.png in Resources */ = {isa = PBXBuildFile; fileRef = 1DF4A2081349A18700BC587C /* 13.png */; };
		1DF4A2131349A18800BC587C /* 14.png in Resources */ = {isa = PBXBuildFile; fileRef = 1DF4A2091349A18700BC587C /* 14.png */; };
		1DF4A2141349A18800BC587C /* 15.png in Resources */ = {isa = PBXBuildFile; fileRef = 1DF4A20A1349A18700BC587C /* 15.png */; };
		1DF4A2151349A18800BC587C /* 16.png in Resources */ = {isa = PBXBuildFile; fileRef = 1DF4A20B1349A18700BC587C /* 16.png */; };
		1DF4A2161349A18800BC587C /* 17.png in Resources */ = {isa = PBXBuildFile; fileRef = 1DF4A20C1349A18700BC587C /* 17.png */; };
		1DF4A2171349A18800BC587C /* 18.png in Resources */ = {isa = PBXBuildFile; fileRef = 1DF4A20D1349A18700BC587C /* 18.png */; };
		1DF4A2181349A18800BC587C /* 19.png in Resources */ = {isa = PBXBuildFile; fileRef = 1DF4A20E1349A18800BC587C /* 19.png */; };
		1DF4A2191349A18800BC587C /* 20.png in Resources */ = {isa = PBXBuildFile; fileRef = 1DF4A20F1349A18800BC587C /* 20.png */; };
		1DF60F00133AC55000A809B5 /* ContentController.m in Sources */ = {isa = PBXBuildFile; fileRef = 1DF60EFF133AC55000A809B5 /* ContentController.m */; };
		1DF60F05133AC99F00A809B5 /* MainViewController.m in Sources */ = {isa = PBXBuildFile; fileRef = 1DF60F03133AC99E00A809B5 /* MainViewController.m */; };
		1DF60F06133AC99F00A809B5 /* MainViewController.xib in Resources */ = {isa = PBXBuildFile; fileRef = 1DF60F04133AC99F00A809B5 /* MainViewController.xib */; };
		1DF60F09133ACB2800A809B5 /* SDIContentController.m in Sources */ = {isa = PBXBuildFile; fileRef = 1DF60F08133ACB2800A809B5 /* SDIContentController.m */; };
		1DF60F0B133AD60700A809B5 /* SDIContent.xib in Resources */ = {isa = PBXBuildFile; fileRef = 1DF60F0A133AD60600A809B5 /* SDIContent.xib */; };
		1DF60F0D133AD96D00A809B5 /* content_iPhone.plist in Resources */ = {isa = PBXBuildFile; fileRef = 1DF60F0C133AD96D00A809B5 /* content_iPhone.plist */; };
		1DF60F15133ADA2700A809B5 /* small_five.png in Resources */ = {isa = PBXBuildFile; fileRef = 1DF60F0F133ADA2700A809B5 /* small_five.png */; };
		1DF60F16133ADA2700A809B5 /* small_four.png in Resources */ = {isa = PBXBuildFile; fileRef = 1DF60F10133ADA2700A809B5 /* small_four.png */; };
		1DF60F17133ADA2700A809B5 /* small_one.png in Resources */ = {isa = PBXBuildFile; fileRef = 1DF60F11133ADA2700A809B5 /* small_one.png */; };
		1DF60F18133ADA2700A809B5 /* small_six.png in Resources */ = {isa = PBXBuildFile; fileRef = 1DF60F12133ADA2700A809B5 /* small_six.png */; };
		1DF60F19133ADA2700A809B5 /* small_three.png in Resources */ = {isa = PBXBuildFile; fileRef = 1DF60F13133ADA2700A809B5 /* small_three.png */; };
		1DF60F1A133ADA2700A809B5 /* small_two.png in Resources */ = {isa = PBXBuildFile; fileRef = 1DF60F14133ADA2700A809B5 /* small_two.png */; };
		1DF60F1E133B030100A809B5 /* SecondViewController.m in Sources */ = {isa = PBXBuildFile; fileRef = 1DF60F1C133B030000A809B5 /* SecondViewController.m */; };
		1DF60F1F133B030100A809B5 /* SecondViewController.xib in Resources */ = {isa = PBXBuildFile; fileRef = 1DF60F1D133B030100A809B5 /* SecondViewController.xib */; };
/* End PBXBuildFile section */

/* Begin PBXFileReference section */
		1D013FED13395FFB00B1F81F /* Constants.h */ = {isa = PBXFileReference; fileEncoding = 4; lastKnownFileType = sourcecode.c.h; path = Constants.h; sourceTree = "<group>"; };
		1D013FF11339602B00B1F81F /* SDIConstants.h */ = {isa = PBXFileReference; fileEncoding = 4; lastKnownFileType = sourcecode.c.h; path = SDIConstants.h; sourceTree = "<group>"; };
		1D02C8EE133871C800B5415B /* SDI.app */ = {isa = PBXFileReference; explicitFileType = wrapper.application; includeInIndex = 0; path = SDI.app; sourceTree = BUILT_PRODUCTS_DIR; };
		1D02C8F2133871C800B5415B /* UIKit.framework */ = {isa = PBXFileReference; lastKnownFileType = wrapper.framework; name = UIKit.framework; path = System/Library/Frameworks/UIKit.framework; sourceTree = SDKROOT; };
		1D02C8F4133871C800B5415B /* Foundation.framework */ = {isa = PBXFileReference; lastKnownFileType = wrapper.framework; name = Foundation.framework; path = System/Library/Frameworks/Foundation.framework; sourceTree = SDKROOT; };
		1D02C8F6133871C800B5415B /* CoreGraphics.framework */ = {isa = PBXFileReference; lastKnownFileType = wrapper.framework; name = CoreGraphics.framework; path = System/Library/Frameworks/CoreGraphics.framework; sourceTree = SDKROOT; };
		1D02C8FA133871C800B5415B /* SDI-Info.plist */ = {isa = PBXFileReference; lastKnownFileType = text.plist.xml; path = "SDI-Info.plist"; sourceTree = "<group>"; };
		1D02C8FC133871C800B5415B /* en */ = {isa = PBXFileReference; lastKnownFileType = text.plist.strings; name = en; path = en.lproj/InfoPlist.strings; sourceTree = "<group>"; };
		1D02C8FE133871C800B5415B /* SDI-Prefix.pch */ = {isa = PBXFileReference; lastKnownFileType = sourcecode.c.h; path = "SDI-Prefix.pch"; sourceTree = "<group>"; };
		1D02C8FF133871C800B5415B /* main.m */ = {isa = PBXFileReference; lastKnownFileType = sourcecode.c.objc; path = main.m; sourceTree = "<group>"; };
		1D02C901133871C800B5415B /* SDIAppDelegate.h */ = {isa = PBXFileReference; lastKnownFileType = sourcecode.c.h; path = SDIAppDelegate.h; sourceTree = "<group>"; };
		1D02C902133871C800B5415B /* SDIAppDelegate.m */ = {isa = PBXFileReference; lastKnownFileType = sourcecode.c.objc; path = SDIAppDelegate.m; sourceTree = "<group>"; };
		1D02C905133871C800B5415B /* en */ = {isa = PBXFileReference; lastKnownFileType = file.xib; name = en; path = en.lproj/MainWindow.xib; sourceTree = "<group>"; };
		1D02C91913388D1100B5415B /* LPLibrary.h */ = {isa = PBXFileReference; fileEncoding = 4; lastKnownFileType = sourcecode.c.h; path = LPLibrary.h; sourceTree = "<group>"; };
		1D02C91A13388D1100B5415B /* LPGlobal.h */ = {isa = PBXFileReference; fileEncoding = 4; lastKnownFileType = sourcecode.c.h; path = LPGlobal.h; sourceTree = "<group>"; };
		1D02C91B13388D1100B5415B /* LPGlobal.m */ = {isa = PBXFileReference; fileEncoding = 4; lastKnownFileType = sourcecode.c.objc; path = LPGlobal.m; sourceTree = "<group>"; };
		1D02C91C13388D1100B5415B /* LPDebug.h */ = {isa = PBXFileReference; fileEncoding = 4; lastKnownFileType = sourcecode.c.h; path = LPDebug.h; sourceTree = "<group>"; };
		1D02C91D13388D1100B5415B /* LPDebug.m */ = {isa = PBXFileReference; fileEncoding = 4; lastKnownFileType = sourcecode.c.objc; path = LPDebug.m; sourceTree = "<group>"; };
		1D02C92113388E0900B5415B /* QuartzCore.framework */ = {isa = PBXFileReference; lastKnownFileType = wrapper.framework; name = QuartzCore.framework; path = System/Library/Frameworks/QuartzCore.framework; sourceTree = SDKROOT; };
		1D02C93E1338907C00B5415B /* AppInfo.h */ = {isa = PBXFileReference; fileEncoding = 4; lastKnownFileType = sourcecode.c.h; path = AppInfo.h; sourceTree = "<group>"; };
		1D02C93F1338907C00B5415B /* AppInfo.m */ = {isa = PBXFileReference; fileEncoding = 4; lastKnownFileType = sourcecode.c.objc; path = AppInfo.m; sourceTree = "<group>"; };
		1D0C2E09134A82130000E88F /* UIView+Position.h */ = {isa = PBXFileReference; fileEncoding = 4; lastKnownFileType = sourcecode.c.h; path = "UIView+Position.h"; sourceTree = "<group>"; };
		1D0C2E0A134A82130000E88F /* UIView+Position.m */ = {isa = PBXFileReference; fileEncoding = 4; lastKnownFileType = sourcecode.c.objc; path = "UIView+Position.m"; sourceTree = "<group>"; };
		1D0C2E14134A84150000E88F /* UIView+Hierarchy.h */ = {isa = PBXFileReference; fileEncoding = 4; lastKnownFileType = sourcecode.c.h; path = "UIView+Hierarchy.h"; sourceTree = "<group>"; };
		1D0C2E15134A84150000E88F /* UIView+Hierarchy.m */ = {isa = PBXFileReference; fileEncoding = 4; lastKnownFileType = sourcecode.c.objc; path = "UIView+Hierarchy.m"; sourceTree = "<group>"; };
		1D0C2E1F134AA2D40000E88F /* SBManager.h */ = {isa = PBXFileReference; fileEncoding = 4; lastKnownFileType = sourcecode.c.h; path = SBManager.h; sourceTree = "<group>"; };
		1D0C2E20134AA2D40000E88F /* SBManager.m */ = {isa = PBXFileReference; fileEncoding = 4; lastKnownFileType = sourcecode.c.objc; path = SBManager.m; sourceTree = "<group>"; };
		1D0DEAB9134EC56100858B85 /* IRGroup.h */ = {isa = PBXFileReference; fileEncoding = 4; lastKnownFileType = sourcecode.c.h; path = IRGroup.h; sourceTree = "<group>"; };
		1D0DEABA134EC56100858B85 /* IRGroup.m */ = {isa = PBXFileReference; fileEncoding = 4; lastKnownFileType = sourcecode.c.objc; path = IRGroup.m; sourceTree = "<group>"; };
		1D0DEAD1134ED80300858B85 /* UIView+FirstResponder.h */ = {isa = PBXFileReference; fileEncoding = 4; lastKnownFileType = sourcecode.c.h; path = "UIView+FirstResponder.h"; sourceTree = "<group>"; };
		1D0DEAD2134ED80300858B85 /* UIView+FirstResponder.m */ = {isa = PBXFileReference; fileEncoding = 4; lastKnownFileType = sourcecode.c.objc; path = "UIView+FirstResponder.m"; sourceTree = "<group>"; };
		1D0DEADC134EDE8D00858B85 /* LPGridTabaleCell.h */ = {isa = PBXFileReference; fileEncoding = 4; lastKnownFileType = sourcecode.c.h; path = LPGridTabaleCell.h; sourceTree = "<group>"; };
		1D0DEADD134EDE8D00858B85 /* LPGridTabaleCell.m */ = {isa = PBXFileReference; fileEncoding = 4; lastKnownFileType = sourcecode.c.objc; path = LPGridTabaleCell.m; sourceTree = "<group>"; };
		1D21CA65134BCE1B00CEF3D9 /* ASLConnection.h */ = {isa = PBXFileReference; fileEncoding = 4; lastKnownFileType = sourcecode.c.h; path = ASLConnection.h; sourceTree = "<group>"; };
		1D21CA66134BCE1B00CEF3D9 /* ASLConnection.m */ = {isa = PBXFileReference; fileEncoding = 4; lastKnownFileType = sourcecode.c.objc; path = ASLConnection.m; sourceTree = "<group>"; };
		1D21CA67134BCE1B00CEF3D9 /* SOLogger.h */ = {isa = PBXFileReference; fileEncoding = 4; lastKnownFileType = sourcecode.c.h; path = SOLogger.h; sourceTree = "<group>"; };
		1D21CA68134BCE1B00CEF3D9 /* SOLogger.m */ = {isa = PBXFileReference; fileEncoding = 4; lastKnownFileType = sourcecode.c.objc; path = SOLogger.m; sourceTree = "<group>"; };
		1D21CA9B134BE3AB00CEF3D9 /* IRStockEditViewController.h */ = {isa = PBXFileReference; fileEncoding = 4; lastKnownFileType = sourcecode.c.h; path = IRStockEditViewController.h; sourceTree = "<group>"; };
		1D21CA9C134BE3AB00CEF3D9 /* IRStockEditViewController.m */ = {isa = PBXFileReference; fileEncoding = 4; lastKnownFileType = sourcecode.c.objc; path = IRStockEditViewController.m; sourceTree = "<group>"; };
		1D21CA9D134BE3AB00CEF3D9 /* IRStockEditViewController.xib */ = {isa = PBXFileReference; fileEncoding = 4; lastKnownFileType = file.xib; path = IRStockEditViewController.xib; sourceTree = "<group>"; };
		1D21CAA0134BE3BD00CEF3D9 /* IRStockAddViewController.h */ = {isa = PBXFileReference; fileEncoding = 4; lastKnownFileType = sourcecode.c.h; path = IRStockAddViewController.h; sourceTree = "<group>"; };
		1D21CAA1134BE3BD00CEF3D9 /* IRStockAddViewController.m */ = {isa = PBXFileReference; fileEncoding = 4; lastKnownFileType = sourcecode.c.objc; path = IRStockAddViewController.m; sourceTree = "<group>"; };
		1D2318D2134305530029B6ED /* SDI.xcdatamodel */ = {isa = PBXFileReference; lastKnownFileType = wrapper.xcdatamodel; path = SDI.xcdatamodel; sourceTree = "<group>"; };
		1D2318D5134313E60029B6ED /* JSON.h */ = {isa = PBXFileReference; fileEncoding = 4; lastKnownFileType = sourcecode.c.h; path = JSON.h; sourceTree = "<group>"; };
		1D2318D6134313E60029B6ED /* NSObject+JSON.h */ = {isa = PBXFileReference; fileEncoding = 4; lastKnownFileType = sourcecode.c.h; path = "NSObject+JSON.h"; sourceTree = "<group>"; };
		1D2318D7134313E60029B6ED /* NSObject+JSON.m */ = {isa = PBXFileReference; fileEncoding = 4; lastKnownFileType = sourcecode.c.objc; path = "NSObject+JSON.m"; sourceTree = "<group>"; };
		1D2318D8134313E60029B6ED /* SBJsonParser.h */ = {isa = PBXFileReference; fileEncoding = 4; lastKnownFileType = sourcecode.c.h; path = SBJsonParser.h; sourceTree = "<group>"; };
		1D2318D9134313E60029B6ED /* SBJsonParser.m */ = {isa = PBXFileReference; fileEncoding = 4; lastKnownFileType = sourcecode.c.objc; path = SBJsonParser.m; sourceTree = "<group>"; };
		1D2318DA134313E60029B6ED /* SBJsonStreamParser.h */ = {isa = PBXFileReference; fileEncoding = 4; lastKnownFileType = sourcecode.c.h; path = SBJsonStreamParser.h; sourceTree = "<group>"; };
		1D2318DB134313E60029B6ED /* SBJsonStreamParser.m */ = {isa = PBXFileReference; fileEncoding = 4; lastKnownFileType = sourcecode.c.objc; path = SBJsonStreamParser.m; sourceTree = "<group>"; };
		1D2318DC134313E60029B6ED /* SBJsonStreamParserAdapter.h */ = {isa = PBXFileReference; fileEncoding = 4; lastKnownFileType = sourcecode.c.h; path = SBJsonStreamParserAdapter.h; sourceTree = "<group>"; };
		1D2318DD134313E60029B6ED /* SBJsonStreamParserAdapter.m */ = {isa = PBXFileReference; fileEncoding = 4; lastKnownFileType = sourcecode.c.objc; path = SBJsonStreamParserAdapter.m; sourceTree = "<group>"; };
		1D2318DE134313E60029B6ED /* SBJsonStreamParserState.h */ = {isa = PBXFileReference; fileEncoding = 4; lastKnownFileType = sourcecode.c.h; path = SBJsonStreamParserState.h; sourceTree = "<group>"; };
		1D2318DF134313E60029B6ED /* SBJsonStreamParserState.m */ = {isa = PBXFileReference; fileEncoding = 4; lastKnownFileType = sourcecode.c.objc; path = SBJsonStreamParserState.m; sourceTree = "<group>"; };
		1D2318E0134313E60029B6ED /* SBJsonStreamWriter.h */ = {isa = PBXFileReference; fileEncoding = 4; lastKnownFileType = sourcecode.c.h; path = SBJsonStreamWriter.h; sourceTree = "<group>"; };
		1D2318E1134313E60029B6ED /* SBJsonStreamWriter.m */ = {isa = PBXFileReference; fileEncoding = 4; lastKnownFileType = sourcecode.c.objc; path = SBJsonStreamWriter.m; sourceTree = "<group>"; };
		1D2318E2134313E60029B6ED /* SBJsonStreamWriterState.h */ = {isa = PBXFileReference; fileEncoding = 4; lastKnownFileType = sourcecode.c.h; path = SBJsonStreamWriterState.h; sourceTree = "<group>"; };
		1D2318E3134313E60029B6ED /* SBJsonStreamWriterState.m */ = {isa = PBXFileReference; fileEncoding = 4; lastKnownFileType = sourcecode.c.objc; path = SBJsonStreamWriterState.m; sourceTree = "<group>"; };
		1D2318E4134313E60029B6ED /* SBJsonTokeniser.h */ = {isa = PBXFileReference; fileEncoding = 4; lastKnownFileType = sourcecode.c.h; path = SBJsonTokeniser.h; sourceTree = "<group>"; };
		1D2318E5134313E60029B6ED /* SBJsonTokeniser.m */ = {isa = PBXFileReference; fileEncoding = 4; lastKnownFileType = sourcecode.c.objc; path = SBJsonTokeniser.m; sourceTree = "<group>"; };
		1D2318E6134313E60029B6ED /* SBJsonWriter.h */ = {isa = PBXFileReference; fileEncoding = 4; lastKnownFileType = sourcecode.c.h; path = SBJsonWriter.h; sourceTree = "<group>"; };
		1D2318E7134313E60029B6ED /* SBJsonWriter.m */ = {isa = PBXFileReference; fileEncoding = 4; lastKnownFileType = sourcecode.c.objc; path = SBJsonWriter.m; sourceTree = "<group>"; };
		1D2318F1134319910029B6ED /* SBCount.h */ = {isa = PBXFileReference; fileEncoding = 4; lastKnownFileType = sourcecode.c.h; path = SBCount.h; sourceTree = "<group>"; };
		1D2318F2134319910029B6ED /* SBCount.m */ = {isa = PBXFileReference; fileEncoding = 4; lastKnownFileType = sourcecode.c.objc; path = SBCount.m; sourceTree = "<group>"; };
		1D2318F413431A460029B6ED /* SBCountController.h */ = {isa = PBXFileReference; fileEncoding = 4; lastKnownFileType = sourcecode.c.h; path = SBCountController.h; sourceTree = "<group>"; };
		1D2318F513431A460029B6ED /* SBCountController.m */ = {isa = PBXFileReference; fileEncoding = 4; lastKnownFileType = sourcecode.c.objc; path = SBCountController.m; sourceTree = "<group>"; };
		1D239C251340017C00A9DA45 /* SBRegBodyHeader.h */ = {isa = PBXFileReference; fileEncoding = 4; lastKnownFileType = sourcecode.c.h; path = SBRegBodyHeader.h; sourceTree = "<group>"; };
		1D239C261340017C00A9DA45 /* SBRegBodyHeader.m */ = {isa = PBXFileReference; fileEncoding = 4; lastKnownFileType = sourcecode.c.objc; path = SBRegBodyHeader.m; sourceTree = "<group>"; };
		1D4FE0DF133B280500AB63A4 /* AsyncSocket Documentation.html */ = {isa = PBXFileReference; fileEncoding = 4; lastKnownFileType = text.html; path = "AsyncSocket Documentation.html"; sourceTree = "<group>"; };
		1D4FE0E0133B280500AB63A4 /* AsyncSocket.h */ = {isa = PBXFileReference; fileEncoding = 4; lastKnownFileType = sourcecode.c.h; path = AsyncSocket.h; sourceTree = "<group>"; };
		1D4FE0E1133B280500AB63A4 /* AsyncSocket.m */ = {isa = PBXFileReference; fileEncoding = 4; lastKnownFileType = sourcecode.c.objc; path = AsyncSocket.m; sourceTree = "<group>"; };
		1D4FE0E2133B280500AB63A4 /* AsyncUdpSocket.h */ = {isa = PBXFileReference; fileEncoding = 4; lastKnownFileType = sourcecode.c.h; path = AsyncUdpSocket.h; sourceTree = "<group>"; };
		1D4FE0E3133B280500AB63A4 /* AsyncUdpSocket.m */ = {isa = PBXFileReference; fileEncoding = 4; lastKnownFileType = sourcecode.c.objc; path = AsyncUdpSocket.m; sourceTree = "<group>"; };
		1D4FE0E4133B280500AB63A4 /* changes.txt */ = {isa = PBXFileReference; fileEncoding = 4; lastKnownFileType = text; path = changes.txt; sourceTree = "<group>"; };
		1D4FE0E5133B280500AB63A4 /* IPAddress.c */ = {isa = PBXFileReference; fileEncoding = 4; lastKnownFileType = sourcecode.c.c; path = IPAddress.c; sourceTree = "<group>"; };
		1D4FE0E6133B280500AB63A4 /* IPAddress.h */ = {isa = PBXFileReference; fileEncoding = 4; lastKnownFileType = sourcecode.c.h; path = IPAddress.h; sourceTree = "<group>"; };
		1D4FE10B133B285A00AB63A4 /* NSData+NSDataStrings.h */ = {isa = PBXFileReference; fileEncoding = 4; lastKnownFileType = sourcecode.c.h; path = "NSData+NSDataStrings.h"; sourceTree = "<group>"; };
		1D4FE10C133B285A00AB63A4 /* NSData+NSDataStrings.m */ = {isa = PBXFileReference; fileEncoding = 4; lastKnownFileType = sourcecode.c.objc; path = "NSData+NSDataStrings.m"; sourceTree = "<group>"; };
		1D4FE10E133B286500AB63A4 /* LPWebSocket.h */ = {isa = PBXFileReference; fileEncoding = 4; lastKnownFileType = sourcecode.c.h; path = LPWebSocket.h; sourceTree = "<group>"; };
		1D4FE10F133B286500AB63A4 /* LPWebSocket.m */ = {isa = PBXFileReference; fileEncoding = 4; lastKnownFileType = sourcecode.c.objc; path = LPWebSocket.m; sourceTree = "<group>"; };
		1D4FE118133B28E500AB63A4 /* DataHandler.h */ = {isa = PBXFileReference; fileEncoding = 4; lastKnownFileType = sourcecode.c.h; path = DataHandler.h; sourceTree = "<group>"; };
		1D4FE119133B28E500AB63A4 /* DataHandler.m */ = {isa = PBXFileReference; fileEncoding = 4; lastKnownFileType = sourcecode.c.objc; path = DataHandler.m; sourceTree = "<group>"; };
		1D4FE11A133B28E500AB63A4 /* DHConstants.h */ = {isa = PBXFileReference; fileEncoding = 4; lastKnownFileType = sourcecode.c.h; path = DHConstants.h; sourceTree = "<group>"; };
		1D4FE11B133B28E500AB63A4 /* TRGenerator.h */ = {isa = PBXFileReference; fileEncoding = 4; lastKnownFileType = sourcecode.c.h; path = TRGenerator.h; sourceTree = "<group>"; };
		1D4FE11C133B28E500AB63A4 /* TRGenerator.m */ = {isa = PBXFileReference; fileEncoding = 4; lastKnownFileType = sourcecode.c.objc; path = TRGenerator.m; sourceTree = "<group>"; };
		1D5EDF63134C1C5F0011943F /* TransparentToolbar.h */ = {isa = PBXFileReference; fileEncoding = 4; lastKnownFileType = sourcecode.c.h; path = TransparentToolbar.h; sourceTree = "<group>"; };
		1D5EDF64134C1C5F0011943F /* TransparentToolbar.m */ = {isa = PBXFileReference; fileEncoding = 4; lastKnownFileType = sourcecode.c.objc; path = TransparentToolbar.m; sourceTree = "<group>"; };
		1D7BF3701352D77200FC2759 /* star_off.png */ = {isa = PBXFileReference; lastKnownFileType = image.png; path = star_off.png; sourceTree = "<group>"; };
		1D7BF3711352D77200FC2759 /* star_off@2x.png */ = {isa = PBXFileReference; lastKnownFileType = image.png; path = "star_off@2x.png"; sourceTree = "<group>"; };
		1D7BF3721352D77200FC2759 /* star_on.png */ = {isa = PBXFileReference; lastKnownFileType = image.png; path = star_on.png; sourceTree = "<group>"; };
		1D7BF3731352D77200FC2759 /* star_on@2x.png */ = {isa = PBXFileReference; lastKnownFileType = image.png; path = "star_on@2x.png"; sourceTree = "<group>"; };
		1D90231A134C57A500DBCFAF /* IRStockListViewController.h */ = {isa = PBXFileReference; fileEncoding = 4; lastKnownFileType = sourcecode.c.h; path = IRStockListViewController.h; sourceTree = "<group>"; };
		1D90231B134C57A500DBCFAF /* IRStockListViewController.m */ = {isa = PBXFileReference; fileEncoding = 4; lastKnownFileType = sourcecode.c.objc; path = IRStockListViewController.m; sourceTree = "<group>"; };
		1D90231C134C57A500DBCFAF /* IRStockListViewController.xib */ = {isa = PBXFileReference; fileEncoding = 4; lastKnownFileType = file.xib; path = IRStockListViewController.xib; sourceTree = "<group>"; };
		1D975F5B133B36A5000E74FB /* CFNetwork.framework */ = {isa = PBXFileReference; lastKnownFileType = wrapper.framework; name = CFNetwork.framework; path = System/Library/Frameworks/CFNetwork.framework; sourceTree = SDKROOT; };
		1D975F67133B3703000E74FB /* SQHeader.h */ = {isa = PBXFileReference; fileEncoding = 4; lastKnownFileType = sourcecode.c.h; path = SQHeader.h; sourceTree = "<group>"; };
		1D975F68133B3703000E74FB /* SQHeader.m */ = {isa = PBXFileReference; fileEncoding = 4; lastKnownFileType = sourcecode.c.objc; path = SQHeader.m; sourceTree = "<group>"; };
		1D975F6A133B370B000E74FB /* SBHeader.h */ = {isa = PBXFileReference; fileEncoding = 4; lastKnownFileType = sourcecode.c.h; path = SBHeader.h; sourceTree = "<group>"; };
		1D975F6B133B370B000E74FB /* SBHeader.m */ = {isa = PBXFileReference; fileEncoding = 4; lastKnownFileType = sourcecode.c.objc; path = SBHeader.m; sourceTree = "<group>"; };
		1D975F6C133B370B000E74FB /* SBBody.h */ = {isa = PBXFileReference; fileEncoding = 4; lastKnownFileType = sourcecode.c.h; path = SBBody.h; sourceTree = "<group>"; };
		1D975F6D133B370B000E74FB /* SBBody.m */ = {isa = PBXFileReference; fileEncoding = 4; lastKnownFileType = sourcecode.c.objc; path = SBBody.m; sourceTree = "<group>"; };
		1D975F70133B3772000E74FB /* CommHeader.h */ = {isa = PBXFileReference; fileEncoding = 4; lastKnownFileType = sourcecode.c.h; path = CommHeader.h; sourceTree = "<group>"; };
		1D975F71133B3772000E74FB /* CommHeader.m */ = {isa = PBXFileReference; fileEncoding = 4; lastKnownFileType = sourcecode.c.objc; path = CommHeader.m; sourceTree = "<group>"; };
		1D975F72133B3772000E74FB /* DataHeader.h */ = {isa = PBXFileReference; fileEncoding = 4; lastKnownFileType = sourcecode.c.h; path = DataHeader.h; sourceTree = "<group>"; };
		1D975F73133B3772000E74FB /* DataHeader.m */ = {isa = PBXFileReference; fileEncoding = 4; lastKnownFileType = sourcecode.c.objc; path = DataHeader.m; sourceTree = "<group>"; };
		1DA0D66D133C0A2600787FB2 /* LPUtils.h */ = {isa = PBXFileReference; fileEncoding = 4; lastKnownFileType = sourcecode.c.h; path = LPUtils.h; sourceTree = "<group>"; };
		1DA0D66E133C0A2600787FB2 /* LPUtils.m */ = {isa = PBXFileReference; fileEncoding = 4; lastKnownFileType = sourcecode.c.objc; path = LPUtils.m; sourceTree = "<group>"; };
		1DA0D670133C0D0B00787FB2 /* LPPageControl.h */ = {isa = PBXFileReference; fileEncoding = 4; lastKnownFileType = sourcecode.c.h; path = LPPageControl.h; sourceTree = "<group>"; };
		1DA0D671133C0D0B00787FB2 /* LPPageControl.m */ = {isa = PBXFileReference; fileEncoding = 4; lastKnownFileType = sourcecode.c.objc; path = LPPageControl.m; sourceTree = "<group>"; };
		1DA0D673133C203600787FB2 /* ribbon.png */ = {isa = PBXFileReference; lastKnownFileType = image.png; path = ribbon.png; sourceTree = "<group>"; };
		1DA0D674133C203600787FB2 /* ribbon@2x.png */ = {isa = PBXFileReference; lastKnownFileType = image.png; path = "ribbon@2x.png"; sourceTree = "<group>"; };
		1DA0D67E133C29A900787FB2 /* IndexViewController.h */ = {isa = PBXFileReference; fileEncoding = 4; lastKnownFileType = sourcecode.c.h; path = IndexViewController.h; sourceTree = "<group>"; };
		1DA0D67F133C29A900787FB2 /* IndexViewController.m */ = {isa = PBXFileReference; fileEncoding = 4; lastKnownFileType = sourcecode.c.objc; path = IndexViewController.m; sourceTree = "<group>"; };
		1DA0D680133C29A900787FB2 /* IndexViewController.xib */ = {isa = PBXFileReference; fileEncoding = 4; lastKnownFileType = file.xib; path = IndexViewController.xib; sourceTree = "<group>"; };
		1DBC17CE1355069000B50564 /* NSDate+Timesince.h */ = {isa = PBXFileReference; fileEncoding = 4; lastKnownFileType = sourcecode.c.h; path = "NSDate+Timesince.h"; sourceTree = "<group>"; };
		1DBC17CF1355069000B50564 /* NSDate+Timesince.m */ = {isa = PBXFileReference; fileEncoding = 4; lastKnownFileType = sourcecode.c.objc; path = "NSDate+Timesince.m"; sourceTree = "<group>"; };
		1DC5437A1339C25A00ADBDC4 /* LPSlidePageControl.h */ = {isa = PBXFileReference; fileEncoding = 4; lastKnownFileType = sourcecode.c.h; path = LPSlidePageControl.h; sourceTree = "<group>"; };
		1DC5437B1339C25A00ADBDC4 /* LPSlidePageControl.m */ = {isa = PBXFileReference; fileEncoding = 4; lastKnownFileType = sourcecode.c.objc; path = LPSlidePageControl.m; sourceTree = "<group>"; };
		1DC5437E1339C34B00ADBDC4 /* sliderPageControl.png */ = {isa = PBXFileReference; lastKnownFileType = image.png; path = sliderPageControl.png; sourceTree = "<group>"; };
		1DC5437F1339C34B00ADBDC4 /* sliderPageControl@2x.png */ = {isa = PBXFileReference; lastKnownFileType = image.png; path = "sliderPageControl@2x.png"; sourceTree = "<group>"; };
		1DC543801339C34B00ADBDC4 /* sliderPageControlBg.png */ = {isa = PBXFileReference; lastKnownFileType = image.png; path = sliderPageControlBg.png; sourceTree = "<group>"; };
		1DC543811339C34B00ADBDC4 /* sliderPageControlBg@2x.png */ = {isa = PBXFileReference; lastKnownFileType = image.png; path = "sliderPageControlBg@2x.png"; sourceTree = "<group>"; };
		1DC74EF513526BBA00341C47 /* IRStock.h */ = {isa = PBXFileReference; fileEncoding = 4; lastKnownFileType = sourcecode.c.h; path = IRStock.h; sourceTree = "<group>"; };
		1DC74EF613526BBA00341C47 /* IRStock.m */ = {isa = PBXFileReference; fileEncoding = 4; lastKnownFileType = sourcecode.c.objc; path = IRStock.m; sourceTree = "<group>"; };
		1DC8DC5913419E41002E758F /* SBRegBody.h */ = {isa = PBXFileReference; fileEncoding = 4; lastKnownFileType = sourcecode.c.h; path = SBRegBody.h; sourceTree = "<group>"; };
		1DC8DC5A13419E42002E758F /* SBRegBody.m */ = {isa = PBXFileReference; fileEncoding = 4; lastKnownFileType = sourcecode.c.objc; path = SBRegBody.m; sourceTree = "<group>"; };
		1DCC5ADF13398926004E366F /* StockCode.h */ = {isa = PBXFileReference; fileEncoding = 4; lastKnownFileType = sourcecode.c.h; path = StockCode.h; sourceTree = "<group>"; };
		1DCC5AE013398926004E366F /* StockCode.m */ = {isa = PBXFileReference; fileEncoding = 4; lastKnownFileType = sourcecode.c.objc; path = StockCode.m; sourceTree = "<group>"; };
		1DCC5AE313398BD5004E366F /* CSVParser.h */ = {isa = PBXFileReference; fileEncoding = 4; lastKnownFileType = sourcecode.c.h; path = CSVParser.h; sourceTree = "<group>"; };
		1DCC5AE413398BD5004E366F /* CSVParser.m */ = {isa = PBXFileReference; fileEncoding = 4; lastKnownFileType = sourcecode.c.objc; path = CSVParser.m; sourceTree = "<group>"; };
		1DD75421134E6FCE003867AE /* LoginViewController.h */ = {isa = PBXFileReference; fileEncoding = 4; lastKnownFileType = sourcecode.c.h; path = LoginViewController.h; sourceTree = "<group>"; };
		1DD75422134E6FCE003867AE /* LoginViewController.m */ = {isa = PBXFileReference; fileEncoding = 4; lastKnownFileType = sourcecode.c.objc; path = LoginViewController.m; sourceTree = "<group>"; };
		1DD75423134E6FCE003867AE /* LoginViewController.xib */ = {isa = PBXFileReference; fileEncoding = 4; lastKnownFileType = file.xib; path = LoginViewController.xib; sourceTree = "<group>"; };
		1DD754B3134E989E003867AE /* SDI.sqlite */ = {isa = PBXFileReference; lastKnownFileType = file; path = SDI.sqlite; sourceTree = SOURCE_ROOT; };
		1DD82A431343EB4000B1ADE8 /* CoreData.framework */ = {isa = PBXFileReference; lastKnownFileType = wrapper.framework; name = CoreData.framework; path = System/Library/Frameworks/CoreData.framework; sourceTree = SDKROOT; };
		1DDF74501353D7F0007FB5F5 /* IRStockAddViewController.xib */ = {isa = PBXFileReference; fileEncoding = 4; lastKnownFileType = file.xib; path = IRStockAddViewController.xib; sourceTree = "<group>"; };
		1DDF748B13540379007FB5F5 /* libLPLibrary.a */ = {isa = PBXFileReference; lastKnownFileType = archive.ar; path = libLPLibrary.a; sourceTree = "<group>"; };
		1DDF748C13540379007FB5F5 /* MathFunctions.h */ = {isa = PBXFileReference; fileEncoding = 4; lastKnownFileType = sourcecode.c.h; path = MathFunctions.h; sourceTree = "<group>"; };
		1DF4A1D713497D4300BC587C /* MyMenuViewController.h */ = {isa = PBXFileReference; fileEncoding = 4; lastKnownFileType = sourcecode.c.h; path = MyMenuViewController.h; sourceTree = "<group>"; };
		1DF4A1D813497D4300BC587C /* MyMenuViewController.m */ = {isa = PBXFileReference; fileEncoding = 4; lastKnownFileType = sourcecode.c.objc; path = MyMenuViewController.m; sourceTree = "<group>"; };
		1DF4A1D913497D4300BC587C /* MyMenuViewController.xib */ = {isa = PBXFileReference; fileEncoding = 4; lastKnownFileType = file.xib; path = MyMenuViewController.xib; sourceTree = "<group>"; };
		1DF4A1DD13497D6800BC587C /* MyMenuView.h */ = {isa = PBXFileReference; fileEncoding = 4; lastKnownFileType = sourcecode.c.h; path = MyMenuView.h; sourceTree = "<group>"; };
		1DF4A1DE13497D6800BC587C /* MyMenuView.m */ = {isa = PBXFileReference; fileEncoding = 4; lastKnownFileType = sourcecode.c.objc; path = MyMenuView.m; sourceTree = "<group>"; };
		1DF4A1E013498C1000BC587C /* 1.png */ = {isa = PBXFileReference; lastKnownFileType = image.png; path = 1.png; sourceTree = "<group>"; };
		1DF4A1E213498C2B00BC587C /* 2.png */ = {isa = PBXFileReference; lastKnownFileType = image.png; path = 2.png; sourceTree = "<group>"; };
		1DF4A1E413498CF800BC587C /* 3.png */ = {isa = PBXFileReference; lastKnownFileType = image.png; path = 3.png; sourceTree = "<group>"; };
		1DF4A1E513498CF800BC587C /* 4.png */ = {isa = PBXFileReference; lastKnownFileType = image.png; path = 4.png; sourceTree = "<group>"; };
		1DF4A1E613498CF800BC587C /* 5.png */ = {isa = PBXFileReference; lastKnownFileType = image.png; path = 5.png; sourceTree = "<group>"; };
		1DF4A1E713498CF800BC587C /* 6.png */ = {isa = PBXFileReference; lastKnownFileType = image.png; path = 6.png; sourceTree = "<group>"; };
		1DF4A1E813498CF800BC587C /* 7.png */ = {isa = PBXFileReference; lastKnownFileType = image.png; path = 7.png; sourceTree = "<group>"; };
		1DF4A1E913498CF800BC587C /* 8.png */ = {isa = PBXFileReference; lastKnownFileType = image.png; path = 8.png; sourceTree = "<group>"; };
		1DF4A1EA13498CF800BC587C /* 9.png */ = {isa = PBXFileReference; lastKnownFileType = image.png; path = 9.png; sourceTree = "<group>"; };
		1DF4A1EB13498CF800BC587C /* 10.png */ = {isa = PBXFileReference; lastKnownFileType = image.png; path = 10.png; sourceTree = "<group>"; };
		1DF4A2061349A18700BC587C /* 11.png */ = {isa = PBXFileReference; lastKnownFileType = image.png; path = 11.png; sourceTree = "<group>"; };
		1DF4A2071349A18700BC587C /* 12.png */ = {isa = PBXFileReference; lastKnownFileType = image.png; path = 12.png; sourceTree = "<group>"; };
		1DF4A2081349A18700BC587C /* 13.png */ = {isa = PBXFileReference; lastKnownFileType = image.png; path = 13.png; sourceTree = "<group>"; };
		1DF4A2091349A18700BC587C /* 14.png */ = {isa = PBXFileReference; lastKnownFileType = image.png; path = 14.png; sourceTree = "<group>"; };
		1DF4A20A1349A18700BC587C /* 15.png */ = {isa = PBXFileReference; lastKnownFileType = image.png; path = 15.png; sourceTree = "<group>"; };
		1DF4A20B1349A18700BC587C /* 16.png */ = {isa = PBXFileReference; lastKnownFileType = image.png; path = 16.png; sourceTree = "<group>"; };
		1DF4A20C1349A18700BC587C /* 17.png */ = {isa = PBXFileReference; lastKnownFileType = image.png; path = 17.png; sourceTree = "<group>"; };
		1DF4A20D1349A18700BC587C /* 18.png */ = {isa = PBXFileReference; lastKnownFileType = image.png; path = 18.png; sourceTree = "<group>"; };
		1DF4A20E1349A18800BC587C /* 19.png */ = {isa = PBXFileReference; lastKnownFileType = image.png; path = 19.png; sourceTree = "<group>"; };
		1DF4A20F1349A18800BC587C /* 20.png */ = {isa = PBXFileReference; lastKnownFileType = image.png; path = 20.png; sourceTree = "<group>"; };
		1DF60EFE133AC55000A809B5 /* ContentController.h */ = {isa = PBXFileReference; fileEncoding = 4; lastKnownFileType = sourcecode.c.h; path = ContentController.h; sourceTree = "<group>"; };
		1DF60EFF133AC55000A809B5 /* ContentController.m */ = {isa = PBXFileReference; fileEncoding = 4; lastKnownFileType = sourcecode.c.objc; path = ContentController.m; sourceTree = "<group>"; };
		1DF60F02133AC99E00A809B5 /* MainViewController.h */ = {isa = PBXFileReference; fileEncoding = 4; lastKnownFileType = sourcecode.c.h; path = MainViewController.h; sourceTree = "<group>"; };
		1DF60F03133AC99E00A809B5 /* MainViewController.m */ = {isa = PBXFileReference; fileEncoding = 4; lastKnownFileType = sourcecode.c.objc; path = MainViewController.m; sourceTree = "<group>"; };
		1DF60F04133AC99F00A809B5 /* MainViewController.xib */ = {isa = PBXFileReference; fileEncoding = 4; lastKnownFileType = file.xib; path = MainViewController.xib; sourceTree = "<group>"; };
		1DF60F07133ACB2700A809B5 /* SDIContentController.h */ = {isa = PBXFileReference; fileEncoding = 4; lastKnownFileType = sourcecode.c.h; path = SDIContentController.h; sourceTree = "<group>"; };
		1DF60F08133ACB2800A809B5 /* SDIContentController.m */ = {isa = PBXFileReference; fileEncoding = 4; lastKnownFileType = sourcecode.c.objc; path = SDIContentController.m; sourceTree = "<group>"; };
		1DF60F0A133AD60600A809B5 /* SDIContent.xib */ = {isa = PBXFileReference; fileEncoding = 4; lastKnownFileType = file.xib; path = SDIContent.xib; sourceTree = "<group>"; };
		1DF60F0C133AD96D00A809B5 /* content_iPhone.plist */ = {isa = PBXFileReference; fileEncoding = 4; lastKnownFileType = text.plist.xml; path = content_iPhone.plist; sourceTree = "<group>"; };
		1DF60F0F133ADA2700A809B5 /* small_five.png */ = {isa = PBXFileReference; lastKnownFileType = image.png; path = small_five.png; sourceTree = "<group>"; };
		1DF60F10133ADA2700A809B5 /* small_four.png */ = {isa = PBXFileReference; lastKnownFileType = image.png; path = small_four.png; sourceTree = "<group>"; };
		1DF60F11133ADA2700A809B5 /* small_one.png */ = {isa = PBXFileReference; lastKnownFileType = image.png; path = small_one.png; sourceTree = "<group>"; };
		1DF60F12133ADA2700A809B5 /* small_six.png */ = {isa = PBXFileReference; lastKnownFileType = image.png; path = small_six.png; sourceTree = "<group>"; };
		1DF60F13133ADA2700A809B5 /* small_three.png */ = {isa = PBXFileReference; lastKnownFileType = image.png; path = small_three.png; sourceTree = "<group>"; };
		1DF60F14133ADA2700A809B5 /* small_two.png */ = {isa = PBXFileReference; lastKnownFileType = image.png; path = small_two.png; sourceTree = "<group>"; };
		1DF60F1B133B02FF00A809B5 /* SecondViewController.h */ = {isa = PBXFileReference; fileEncoding = 4; lastKnownFileType = sourcecode.c.h; path = SecondViewController.h; sourceTree = "<group>"; };
		1DF60F1C133B030000A809B5 /* SecondViewController.m */ = {isa = PBXFileReference; fileEncoding = 4; lastKnownFileType = sourcecode.c.objc; path = SecondViewController.m; sourceTree = "<group>"; };
		1DF60F1D133B030100A809B5 /* SecondViewController.xib */ = {isa = PBXFileReference; fileEncoding = 4; lastKnownFileType = file.xib; path = SecondViewController.xib; sourceTree = "<group>"; };
/* End PBXFileReference section */

/* Begin PBXFrameworksBuildPhase section */
		1D02C8EB133871C800B5415B /* Frameworks */ = {
			isa = PBXFrameworksBuildPhase;
			buildActionMask = 2147483647;
			files = (
				1DD82A441343EB4000B1ADE8 /* CoreData.framework in Frameworks */,
				1D975F5C133B36A5000E74FB /* CFNetwork.framework in Frameworks */,
				1D02C92213388E0900B5415B /* QuartzCore.framework in Frameworks */,
				1D02C8F3133871C800B5415B /* UIKit.framework in Frameworks */,
				1D02C8F5133871C800B5415B /* Foundation.framework in Frameworks */,
				1D02C8F7133871C800B5415B /* CoreGraphics.framework in Frameworks */,
				1DDF748D13540379007FB5F5 /* libLPLibrary.a in Frameworks */,
			);
			runOnlyForDeploymentPostprocessing = 0;
		};
/* End PBXFrameworksBuildPhase section */

/* Begin PBXGroup section */
		1D013FF01339600B00B1F81F /* Common */ = {
			isa = PBXGroup;
			children = (
				1D02C93E1338907C00B5415B /* AppInfo.h */,
				1D02C93F1338907C00B5415B /* AppInfo.m */,
				1D013FF11339602B00B1F81F /* SDIConstants.h */,
				1DCC5ADF13398926004E366F /* StockCode.h */,
				1DCC5AE013398926004E366F /* StockCode.m */,
				1D2318F1134319910029B6ED /* SBCount.h */,
				1D2318F2134319910029B6ED /* SBCount.m */,
				1D2318F413431A460029B6ED /* SBCountController.h */,
				1D2318F513431A460029B6ED /* SBCountController.m */,
				1D0C2E1F134AA2D40000E88F /* SBManager.h */,
				1D0C2E20134AA2D40000E88F /* SBManager.m */,
				1D0DEAB9134EC56100858B85 /* IRGroup.h */,
				1D0DEABA134EC56100858B85 /* IRGroup.m */,
				1DC74EF513526BBA00341C47 /* IRStock.h */,
				1DC74EF613526BBA00341C47 /* IRStock.m */,
			);
			name = Common;
			sourceTree = "<group>";
		};
		1D02C8E3133871C800B5415B = {
			isa = PBXGroup;
			children = (
				1D02C9121338729300B5415B /* LPLibrary */,
				1D02C8F8133871C800B5415B /* SDI */,
				1D02C8F1133871C800B5415B /* Frameworks */,
				1D02C8EF133871C800B5415B /* Products */,
			);
			sourceTree = "<group>";
		};
		1D02C8EF133871C800B5415B /* Products */ = {
			isa = PBXGroup;
			children = (
				1D02C8EE133871C800B5415B /* SDI.app */,
			);
			name = Products;
			sourceTree = "<group>";
		};
		1D02C8F1133871C800B5415B /* Frameworks */ = {
			isa = PBXGroup;
			children = (
				1DD82A431343EB4000B1ADE8 /* CoreData.framework */,
				1D975F5B133B36A5000E74FB /* CFNetwork.framework */,
				1D02C92113388E0900B5415B /* QuartzCore.framework */,
				1D02C8F2133871C800B5415B /* UIKit.framework */,
				1D02C8F4133871C800B5415B /* Foundation.framework */,
				1D02C8F6133871C800B5415B /* CoreGraphics.framework */,
			);
			name = Frameworks;
			sourceTree = "<group>";
		};
		1D02C8F8133871C800B5415B /* SDI */ = {
			isa = PBXGroup;
			children = (
				1D2318CF134304E10029B6ED /* Data */,
				1D4C6643134B0D7500D86135 /* IRStock */,
				1D4FE117133B28CA00AB63A4 /* DataHandler */,
				1D013FF01339600B00B1F81F /* Common */,
				1DA0D686133C2A3500787FB2 /* Help */,
				1DA0D685133C29F100787FB2 /* Setup */,
				1DA0D684133C29CB00787FB2 /* Login */,
				1DA0D683133C29BD00787FB2 /* MyMenu */,
				1DA0D67D133C28EB00787FB2 /* Home */,
				1D02C8F9133871C800B5415B /* Supporting Files */,
				1D02C901133871C800B5415B /* SDIAppDelegate.h */,
				1D02C902133871C800B5415B /* SDIAppDelegate.m */,
				1D02C904133871C800B5415B /* MainWindow.xib */,
			);
			path = SDI;
			sourceTree = "<group>";
		};
		1D02C8F9133871C800B5415B /* Supporting Files */ = {
			isa = PBXGroup;
			children = (
				1DA0D673133C203600787FB2 /* ribbon.png */,
				1DA0D674133C203600787FB2 /* ribbon@2x.png */,
				1DF60F0C133AD96D00A809B5 /* content_iPhone.plist */,
				1DC5437D1339C32E00ADBDC4 /* Images */,
				1D02C8FA133871C800B5415B /* SDI-Info.plist */,
				1D02C8FB133871C800B5415B /* InfoPlist.strings */,
				1D02C8FE133871C800B5415B /* SDI-Prefix.pch */,
				1D02C8FF133871C800B5415B /* main.m */,
			);
			name = "Supporting Files";
			sourceTree = "<group>";
		};
		1D02C9121338729300B5415B /* LPLibrary */ = {
			isa = PBXGroup;
			children = (
				1DDF748A13540379007FB5F5 /* lib */,
				1DA0D66D133C0A2600787FB2 /* LPUtils.h */,
				1DA0D66E133C0A2600787FB2 /* LPUtils.m */,
				1D4FE10A133B283900AB63A4 /* Categories */,
				1DC543761339C1BA00ADBDC4 /* Controls */,
				1DCC5AE213398BB5004E366F /* External */,
				1D02C91913388D1100B5415B /* LPLibrary.h */,
				1D02C91A13388D1100B5415B /* LPGlobal.h */,
				1D02C91B13388D1100B5415B /* LPGlobal.m */,
				1D02C91C13388D1100B5415B /* LPDebug.h */,
				1D02C91D13388D1100B5415B /* LPDebug.m */,
				1D013FED13395FFB00B1F81F /* Constants.h */,
				1D4FE10E133B286500AB63A4 /* LPWebSocket.h */,
				1D4FE10F133B286500AB63A4 /* LPWebSocket.m */,
			);
			path = LPLibrary;
			sourceTree = "<group>";
		};
		1D21CA64134BCE1B00CEF3D9 /* SOLogger */ = {
			isa = PBXGroup;
			children = (
				1D21CA65134BCE1B00CEF3D9 /* ASLConnection.h */,
				1D21CA66134BCE1B00CEF3D9 /* ASLConnection.m */,
				1D21CA67134BCE1B00CEF3D9 /* SOLogger.h */,
				1D21CA68134BCE1B00CEF3D9 /* SOLogger.m */,
			);
			path = SOLogger;
			sourceTree = "<group>";
		};
		1D2318CF134304E10029B6ED /* Data */ = {
			isa = PBXGroup;
			children = (
				1DD754B3134E989E003867AE /* SDI.sqlite */,
				1D2318D1134305530029B6ED /* SDI.xcdatamodeld */,
			);
			name = Data;
			sourceTree = "<group>";
		};
		1D2318D4134313E60029B6ED /* JSON */ = {
			isa = PBXGroup;
			children = (
				1D2318D5134313E60029B6ED /* JSON.h */,
				1D2318D6134313E60029B6ED /* NSObject+JSON.h */,
				1D2318D7134313E60029B6ED /* NSObject+JSON.m */,
				1D2318D8134313E60029B6ED /* SBJsonParser.h */,
				1D2318D9134313E60029B6ED /* SBJsonParser.m */,
				1D2318DA134313E60029B6ED /* SBJsonStreamParser.h */,
				1D2318DB134313E60029B6ED /* SBJsonStreamParser.m */,
				1D2318DC134313E60029B6ED /* SBJsonStreamParserAdapter.h */,
				1D2318DD134313E60029B6ED /* SBJsonStreamParserAdapter.m */,
				1D2318DE134313E60029B6ED /* SBJsonStreamParserState.h */,
				1D2318DF134313E60029B6ED /* SBJsonStreamParserState.m */,
				1D2318E0134313E60029B6ED /* SBJsonStreamWriter.h */,
				1D2318E1134313E60029B6ED /* SBJsonStreamWriter.m */,
				1D2318E2134313E60029B6ED /* SBJsonStreamWriterState.h */,
				1D2318E3134313E60029B6ED /* SBJsonStreamWriterState.m */,
				1D2318E4134313E60029B6ED /* SBJsonTokeniser.h */,
				1D2318E5134313E60029B6ED /* SBJsonTokeniser.m */,
				1D2318E6134313E60029B6ED /* SBJsonWriter.h */,
				1D2318E7134313E60029B6ED /* SBJsonWriter.m */,
			);
			name = JSON;
			path = Classes;
			sourceTree = "<group>";
		};
		1D4C6643134B0D7500D86135 /* IRStock */ = {
			isa = PBXGroup;
			children = (
				1D90231A134C57A500DBCFAF /* IRStockListViewController.h */,
				1D90231B134C57A500DBCFAF /* IRStockListViewController.m */,
				1D90231C134C57A500DBCFAF /* IRStockListViewController.xib */,
				1D21CAA0134BE3BD00CEF3D9 /* IRStockAddViewController.h */,
				1D21CAA1134BE3BD00CEF3D9 /* IRStockAddViewController.m */,
				1DDF74501353D7F0007FB5F5 /* IRStockAddViewController.xib */,
				1D21CA9B134BE3AB00CEF3D9 /* IRStockEditViewController.h */,
				1D21CA9C134BE3AB00CEF3D9 /* IRStockEditViewController.m */,
				1D21CA9D134BE3AB00CEF3D9 /* IRStockEditViewController.xib */,
			);
			name = IRStock;
			sourceTree = "<group>";
		};
		1D4FE0DE133B280500AB63A4 /* AsyncSocket */ = {
			isa = PBXGroup;
			children = (
				1D4FE0DF133B280500AB63A4 /* AsyncSocket Documentation.html */,
				1D4FE0E0133B280500AB63A4 /* AsyncSocket.h */,
				1D4FE0E1133B280500AB63A4 /* AsyncSocket.m */,
				1D4FE0E2133B280500AB63A4 /* AsyncUdpSocket.h */,
				1D4FE0E3133B280500AB63A4 /* AsyncUdpSocket.m */,
				1D4FE0E4133B280500AB63A4 /* changes.txt */,
			);
			path = AsyncSocket;
			sourceTree = "<group>";
		};
		1D4FE10A133B283900AB63A4 /* Categories */ = {
			isa = PBXGroup;
			children = (
				1D0DEAD1134ED80300858B85 /* UIView+FirstResponder.h */,
				1D0DEAD2134ED80300858B85 /* UIView+FirstResponder.m */,
				1D4FE10B133B285A00AB63A4 /* NSData+NSDataStrings.h */,
				1D4FE10C133B285A00AB63A4 /* NSData+NSDataStrings.m */,
				1D0C2E09134A82130000E88F /* UIView+Position.h */,
				1D0C2E0A134A82130000E88F /* UIView+Position.m */,
				1D0C2E14134A84150000E88F /* UIView+Hierarchy.h */,
				1D0C2E15134A84150000E88F /* UIView+Hierarchy.m */,
				1DBC17CE1355069000B50564 /* NSDate+Timesince.h */,
				1DBC17CF1355069000B50564 /* NSDate+Timesince.m */,
			);
			name = Categories;
			path = categories;
			sourceTree = "<group>";
		};
		1D4FE117133B28CA00AB63A4 /* DataHandler */ = {
			isa = PBXGroup;
			children = (
				1D975F64133B36C9000E74FB /* TRs */,
				1D4FE118133B28E500AB63A4 /* DataHandler.h */,
				1D4FE119133B28E500AB63A4 /* DataHandler.m */,
				1D4FE11A133B28E500AB63A4 /* DHConstants.h */,
				1D4FE11B133B28E500AB63A4 /* TRGenerator.h */,
				1D4FE11C133B28E500AB63A4 /* TRGenerator.m */,
			);
			name = DataHandler;
			sourceTree = "<group>";
		};
		1D975F64133B36C9000E74FB /* TRs */ = {
			isa = PBXGroup;
			children = (
				1D975F70133B3772000E74FB /* CommHeader.h */,
				1D975F71133B3772000E74FB /* CommHeader.m */,
				1D975F72133B3772000E74FB /* DataHeader.h */,
				1D975F73133B3772000E74FB /* DataHeader.m */,
				1D975F65133B36DE000E74FB /* RPs */,
				1D975F66133B36F2000E74FB /* RQs */,
			);
			name = TRs;
			sourceTree = "<group>";
		};
		1D975F65133B36DE000E74FB /* RPs */ = {
			isa = PBXGroup;
			children = (
				1D975F67133B3703000E74FB /* SQHeader.h */,
				1D975F68133B3703000E74FB /* SQHeader.m */,
			);
			name = RPs;
			sourceTree = "<group>";
		};
		1D975F66133B36F2000E74FB /* RQs */ = {
			isa = PBXGroup;
			children = (
				1D975F6A133B370B000E74FB /* SBHeader.h */,
				1D975F6B133B370B000E74FB /* SBHeader.m */,
				1D975F6C133B370B000E74FB /* SBBody.h */,
				1D975F6D133B370B000E74FB /* SBBody.m */,
				1D239C251340017C00A9DA45 /* SBRegBodyHeader.h */,
				1D239C261340017C00A9DA45 /* SBRegBodyHeader.m */,
				1DC8DC5913419E41002E758F /* SBRegBody.h */,
				1DC8DC5A13419E42002E758F /* SBRegBody.m */,
			);
			name = RQs;
			sourceTree = "<group>";
		};
		1DA0D67D133C28EB00787FB2 /* Home */ = {
			isa = PBXGroup;
			children = (
				1DF60EFE133AC55000A809B5 /* ContentController.h */,
				1DF60EFF133AC55000A809B5 /* ContentController.m */,
				1DF60F07133ACB2700A809B5 /* SDIContentController.h */,
				1DF60F08133ACB2800A809B5 /* SDIContentController.m */,
				1DF60F0A133AD60600A809B5 /* SDIContent.xib */,
				1DF60F02133AC99E00A809B5 /* MainViewController.h */,
				1DF60F03133AC99E00A809B5 /* MainViewController.m */,
				1DF60F04133AC99F00A809B5 /* MainViewController.xib */,
				1DF60F1B133B02FF00A809B5 /* SecondViewController.h */,
				1DF60F1C133B030000A809B5 /* SecondViewController.m */,
				1DF60F1D133B030100A809B5 /* SecondViewController.xib */,
				1DA0D67E133C29A900787FB2 /* IndexViewController.h */,
				1DA0D67F133C29A900787FB2 /* IndexViewController.m */,
				1DA0D680133C29A900787FB2 /* IndexViewController.xib */,
			);
			name = Home;
			sourceTree = "<group>";
		};
		1DA0D683133C29BD00787FB2 /* MyMenu */ = {
			isa = PBXGroup;
			children = (
				1DF4A1D713497D4300BC587C /* MyMenuViewController.h */,
				1DF4A1D813497D4300BC587C /* MyMenuViewController.m */,
				1DF4A1D913497D4300BC587C /* MyMenuViewController.xib */,
				1DF4A1DD13497D6800BC587C /* MyMenuView.h */,
				1DF4A1DE13497D6800BC587C /* MyMenuView.m */,
			);
			name = MyMenu;
			sourceTree = "<group>";
		};
		1DA0D684133C29CB00787FB2 /* Login */ = {
			isa = PBXGroup;
			children = (
				1DD75421134E6FCE003867AE /* LoginViewController.h */,
				1DD75422134E6FCE003867AE /* LoginViewController.m */,
				1DD75423134E6FCE003867AE /* LoginViewController.xib */,
			);
			name = Login;
			sourceTree = "<group>";
		};
		1DA0D685133C29F100787FB2 /* Setup */ = {
			isa = PBXGroup;
			children = (
			);
			name = Setup;
			sourceTree = "<group>";
		};
		1DA0D686133C2A3500787FB2 /* Help */ = {
			isa = PBXGroup;
			children = (
			);
			name = Help;
			sourceTree = "<group>";
		};
		1DC543761339C1BA00ADBDC4 /* Controls */ = {
			isa = PBXGroup;
			children = (
				1DC5437A1339C25A00ADBDC4 /* LPSlidePageControl.h */,
				1DC5437B1339C25A00ADBDC4 /* LPSlidePageControl.m */,
				1DA0D670133C0D0B00787FB2 /* LPPageControl.h */,
				1DA0D671133C0D0B00787FB2 /* LPPageControl.m */,
				1D5EDF63134C1C5F0011943F /* TransparentToolbar.h */,
				1D5EDF64134C1C5F0011943F /* TransparentToolbar.m */,
				1D0DEADC134EDE8D00858B85 /* LPGridTabaleCell.h */,
				1D0DEADD134EDE8D00858B85 /* LPGridTabaleCell.m */,
			);
			path = Controls;
			sourceTree = "<group>";
		};
		1DC5437D1339C32E00ADBDC4 /* Images */ = {
			isa = PBXGroup;
			children = (
				1D7BF3701352D77200FC2759 /* star_off.png */,
				1D7BF3711352D77200FC2759 /* star_off@2x.png */,
				1D7BF3721352D77200FC2759 /* star_on.png */,
				1D7BF3731352D77200FC2759 /* star_on@2x.png */,
				1DF4A1E413498CF800BC587C /* 3.png */,
				1DF4A2061349A18700BC587C /* 11.png */,
				1DF4A2071349A18700BC587C /* 12.png */,
				1DF4A2081349A18700BC587C /* 13.png */,
				1DF4A2091349A18700BC587C /* 14.png */,
				1DF4A20A1349A18700BC587C /* 15.png */,
				1DF4A20B1349A18700BC587C /* 16.png */,
				1DF4A20C1349A18700BC587C /* 17.png */,
				1DF4A20D1349A18700BC587C /* 18.png */,
				1DF4A20E1349A18800BC587C /* 19.png */,
				1DF4A20F1349A18800BC587C /* 20.png */,
				1DF4A1E513498CF800BC587C /* 4.png */,
				1DF4A1E613498CF800BC587C /* 5.png */,
				1DF4A1E713498CF800BC587C /* 6.png */,
				1DF4A1E813498CF800BC587C /* 7.png */,
				1DF4A1E913498CF800BC587C /* 8.png */,
				1DF4A1EA13498CF800BC587C /* 9.png */,
				1DF4A1EB13498CF800BC587C /* 10.png */,
				1DF4A1E213498C2B00BC587C /* 2.png */,
				1DF4A1E013498C1000BC587C /* 1.png */,
				1DF60F0E133ADA2700A809B5 /* SmallImages */,
				1DC5437E1339C34B00ADBDC4 /* sliderPageControl.png */,
				1DC5437F1339C34B00ADBDC4 /* sliderPageControl@2x.png */,
				1DC543801339C34B00ADBDC4 /* sliderPageControlBg.png */,
				1DC543811339C34B00ADBDC4 /* sliderPageControlBg@2x.png */,
			);
			name = Images;
			sourceTree = "<group>";
		};
		1DCC5AE213398BB5004E366F /* External */ = {
			isa = PBXGroup;
			children = (
				1D21CA64134BCE1B00CEF3D9 /* SOLogger */,
				1D2318D4134313E60029B6ED /* JSON */,
				1D4FE0DE133B280500AB63A4 /* AsyncSocket */,
				1D4FE0E5133B280500AB63A4 /* IPAddress.c */,
				1D4FE0E6133B280500AB63A4 /* IPAddress.h */,
				1DCC5AE313398BD5004E366F /* CSVParser.h */,
				1DCC5AE413398BD5004E366F /* CSVParser.m */,
			);
			path = External;
			sourceTree = "<group>";
		};
		1DDF748A13540379007FB5F5 /* lib */ = {
			isa = PBXGroup;
			children = (
				1DDF748B13540379007FB5F5 /* libLPLibrary.a */,
				1DDF748C13540379007FB5F5 /* MathFunctions.h */,
			);
			path = lib;
			sourceTree = "<group>";
		};
		1DF60F0E133ADA2700A809B5 /* SmallImages */ = {
			isa = PBXGroup;
			children = (
				1DF60F0F133ADA2700A809B5 /* small_five.png */,
				1DF60F10133ADA2700A809B5 /* small_four.png */,
				1DF60F11133ADA2700A809B5 /* small_one.png */,
				1DF60F12133ADA2700A809B5 /* small_six.png */,
				1DF60F13133ADA2700A809B5 /* small_three.png */,
				1DF60F14133ADA2700A809B5 /* small_two.png */,
			);
			path = SmallImages;
			sourceTree = "<group>";
		};
/* End PBXGroup section */

/* Begin PBXNativeTarget section */
		1D02C8ED133871C800B5415B /* SDI */ = {
			isa = PBXNativeTarget;
			buildConfigurationList = 1D02C90F133871C800B5415B /* Build configuration list for PBXNativeTarget "SDI" */;
			buildPhases = (
				1D02C8EA133871C800B5415B /* Sources */,
				1D02C8EB133871C800B5415B /* Frameworks */,
				1D02C8EC133871C800B5415B /* Resources */,
			);
			buildRules = (
			);
			dependencies = (
			);
			name = SDI;
			productName = SDI;
			productReference = 1D02C8EE133871C800B5415B /* SDI.app */;
			productType = "com.apple.product-type.application";
		};
/* End PBXNativeTarget section */

/* Begin PBXProject section */
		1D02C8E5133871C800B5415B /* Project object */ = {
			isa = PBXProject;
			attributes = {
				ORGANIZATIONNAME = "Lilac Studio";
			};
			buildConfigurationList = 1D02C8E8133871C800B5415B /* Build configuration list for PBXProject "SDI" */;
			compatibilityVersion = "Xcode 3.2";
			developmentRegion = English;
			hasScannedForEncodings = 0;
			knownRegions = (
				en,
			);
			mainGroup = 1D02C8E3133871C800B5415B;
			productRefGroup = 1D02C8EF133871C800B5415B /* Products */;
			projectDirPath = "";
			projectRoot = "";
			targets = (
				1D02C8ED133871C800B5415B /* SDI */,
			);
		};
/* End PBXProject section */

/* Begin PBXResourcesBuildPhase section */
		1D02C8EC133871C800B5415B /* Resources */ = {
			isa = PBXResourcesBuildPhase;
			buildActionMask = 2147483647;
			files = (
				1D02C8FD133871C800B5415B /* InfoPlist.strings in Resources */,
				1D02C906133871C800B5415B /* MainWindow.xib in Resources */,
				1DC543821339C34B00ADBDC4 /* sliderPageControl.png in Resources */,
				1DC543831339C34B00ADBDC4 /* sliderPageControl@2x.png in Resources */,
				1DC543841339C34B00ADBDC4 /* sliderPageControlBg.png in Resources */,
				1DC543851339C34B00ADBDC4 /* sliderPageControlBg@2x.png in Resources */,
				1DF60F06133AC99F00A809B5 /* MainViewController.xib in Resources */,
				1DF60F0B133AD60700A809B5 /* SDIContent.xib in Resources */,
				1DF60F0D133AD96D00A809B5 /* content_iPhone.plist in Resources */,
				1DF60F15133ADA2700A809B5 /* small_five.png in Resources */,
				1DF60F16133ADA2700A809B5 /* small_four.png in Resources */,
				1DF60F17133ADA2700A809B5 /* small_one.png in Resources */,
				1DF60F18133ADA2700A809B5 /* small_six.png in Resources */,
				1DF60F19133ADA2700A809B5 /* small_three.png in Resources */,
				1DF60F1A133ADA2700A809B5 /* small_two.png in Resources */,
				1DF60F1F133B030100A809B5 /* SecondViewController.xib in Resources */,
				1D4FE0FB133B280500AB63A4 /* AsyncSocket Documentation.html in Resources */,
				1D4FE0FE133B280500AB63A4 /* changes.txt in Resources */,
				1DA0D675133C203600787FB2 /* ribbon.png in Resources */,
				1DA0D676133C203600787FB2 /* ribbon@2x.png in Resources */,
				1DA0D682133C29A900787FB2 /* IndexViewController.xib in Resources */,
				1DF4A1DB13497D4300BC587C /* MyMenuViewController.xib in Resources */,
				1DF4A1E113498C1000BC587C /* 1.png in Resources */,
				1DF4A1E313498C2C00BC587C /* 2.png in Resources */,
				1DF4A1EC13498CF800BC587C /* 3.png in Resources */,
				1DF4A1ED13498CF800BC587C /* 4.png in Resources */,
				1DF4A1EE13498CF800BC587C /* 5.png in Resources */,
				1DF4A1EF13498CF800BC587C /* 6.png in Resources */,
				1DF4A1F013498CF800BC587C /* 7.png in Resources */,
				1DF4A1F113498CF800BC587C /* 8.png in Resources */,
				1DF4A1F213498CF800BC587C /* 9.png in Resources */,
				1DF4A1F313498CF800BC587C /* 10.png in Resources */,
				1DF4A2101349A18800BC587C /* 11.png in Resources */,
				1DF4A2111349A18800BC587C /* 12.png in Resources */,
				1DF4A2121349A18800BC587C /* 13.png in Resources */,
				1DF4A2131349A18800BC587C /* 14.png in Resources */,
				1DF4A2141349A18800BC587C /* 15.png in Resources */,
				1DF4A2151349A18800BC587C /* 16.png in Resources */,
				1DF4A2161349A18800BC587C /* 17.png in Resources */,
				1DF4A2171349A18800BC587C /* 18.png in Resources */,
				1DF4A2181349A18800BC587C /* 19.png in Resources */,
				1DF4A2191349A18800BC587C /* 20.png in Resources */,
				1D21CA9F134BE3AB00CEF3D9 /* IRStockEditViewController.xib in Resources */,
				1D90231E134C57A500DBCFAF /* IRStockListViewController.xib in Resources */,
				1DD75425134E6FCE003867AE /* LoginViewController.xib in Resources */,
				1DD754B4134E989E003867AE /* SDI.sqlite in Resources */,
				1D7BF3741352D77200FC2759 /* star_off.png in Resources */,
				1D7BF3751352D77200FC2759 /* star_off@2x.png in Resources */,
				1D7BF3761352D77200FC2759 /* star_on.png in Resources */,
				1D7BF3771352D77200FC2759 /* star_on@2x.png in Resources */,
				1DDF74511353D7F0007FB5F5 /* IRStockAddViewController.xib in Resources */,
			);
			runOnlyForDeploymentPostprocessing = 0;
		};
/* End PBXResourcesBuildPhase section */

/* Begin PBXSourcesBuildPhase section */
		1D02C8EA133871C800B5415B /* Sources */ = {
			isa = PBXSourcesBuildPhase;
			buildActionMask = 2147483647;
			files = (
				1D02C900133871C800B5415B /* main.m in Sources */,
				1D02C903133871C800B5415B /* SDIAppDelegate.m in Sources */,
				1D02C91E13388D1100B5415B /* LPGlobal.m in Sources */,
				1D02C91F13388D1100B5415B /* LPDebug.m in Sources */,
				1D02C9401338907C00B5415B /* AppInfo.m in Sources */,
				1DCC5AE113398926004E366F /* StockCode.m in Sources */,
				1DCC5AE513398BD5004E366F /* CSVParser.m in Sources */,
				1DC5437C1339C25A00ADBDC4 /* LPSlidePageControl.m in Sources */,
				1DF60F00133AC55000A809B5 /* ContentController.m in Sources */,
				1DF60F05133AC99F00A809B5 /* MainViewController.m in Sources */,
				1DF60F09133ACB2800A809B5 /* SDIContentController.m in Sources */,
				1DF60F1E133B030100A809B5 /* SecondViewController.m in Sources */,
				1D4FE0FC133B280500AB63A4 /* AsyncSocket.m in Sources */,
				1D4FE0FD133B280500AB63A4 /* AsyncUdpSocket.m in Sources */,
				1D4FE0FF133B280500AB63A4 /* IPAddress.c in Sources */,
				1D4FE10D133B285A00AB63A4 /* NSData+NSDataStrings.m in Sources */,
				1D4FE110133B286500AB63A4 /* LPWebSocket.m in Sources */,
				1D4FE11D133B28E500AB63A4 /* DataHandler.m in Sources */,
				1D4FE11E133B28E500AB63A4 /* TRGenerator.m in Sources */,
				1D975F69133B3703000E74FB /* SQHeader.m in Sources */,
				1D975F6E133B370B000E74FB /* SBHeader.m in Sources */,
				1D975F6F133B370B000E74FB /* SBBody.m in Sources */,
				1D975F74133B3772000E74FB /* CommHeader.m in Sources */,
				1D975F75133B3772000E74FB /* DataHeader.m in Sources */,
				1DA0D66F133C0A2600787FB2 /* LPUtils.m in Sources */,
				1DA0D672133C0D0B00787FB2 /* LPPageControl.m in Sources */,
				1DA0D681133C29A900787FB2 /* IndexViewController.m in Sources */,
				1D239C271340017C00A9DA45 /* SBRegBodyHeader.m in Sources */,
				1DC8DC5B13419E42002E758F /* SBRegBody.m in Sources */,
				1D2318D3134305530029B6ED /* SDI.xcdatamodeld in Sources */,
				1D2318E8134313E60029B6ED /* NSObject+JSON.m in Sources */,
				1D2318E9134313E60029B6ED /* SBJsonParser.m in Sources */,
				1D2318EA134313E60029B6ED /* SBJsonStreamParser.m in Sources */,
				1D2318EB134313E60029B6ED /* SBJsonStreamParserAdapter.m in Sources */,
				1D2318EC134313E60029B6ED /* SBJsonStreamParserState.m in Sources */,
				1D2318ED134313E60029B6ED /* SBJsonStreamWriter.m in Sources */,
				1D2318EE134313E60029B6ED /* SBJsonStreamWriterState.m in Sources */,
				1D2318EF134313E60029B6ED /* SBJsonTokeniser.m in Sources */,
				1D2318F0134313E60029B6ED /* SBJsonWriter.m in Sources */,
				1D2318F3134319910029B6ED /* SBCount.m in Sources */,
				1D2318F613431A460029B6ED /* SBCountController.m in Sources */,
				1DF4A1DA13497D4300BC587C /* MyMenuViewController.m in Sources */,
				1DF4A1DF13497D6800BC587C /* MyMenuView.m in Sources */,
				1D0C2E0B134A82130000E88F /* UIView+Position.m in Sources */,
				1D0C2E16134A84150000E88F /* UIView+Hierarchy.m in Sources */,
				1D0C2E21134AA2D40000E88F /* SBManager.m in Sources */,
				1D21CA69134BCE1B00CEF3D9 /* ASLConnection.m in Sources */,
				1D21CA6A134BCE1B00CEF3D9 /* SOLogger.m in Sources */,
				1D21CA9E134BE3AB00CEF3D9 /* IRStockEditViewController.m in Sources */,
				1D21CAA3134BE3BD00CEF3D9 /* IRStockAddViewController.m in Sources */,
				1D5EDF65134C1C5F0011943F /* TransparentToolbar.m in Sources */,
				1D90231D134C57A500DBCFAF /* IRStockListViewController.m in Sources */,
				1DD75424134E6FCE003867AE /* LoginViewController.m in Sources */,
				1D0DEABB134EC56100858B85 /* IRGroup.m in Sources */,
				1D0DEAD3134ED80300858B85 /* UIView+FirstResponder.m in Sources */,
				1D0DEADE134EDE8D00858B85 /* LPGridTabaleCell.m in Sources */,
				1DC74EF713526BBA00341C47 /* IRStock.m in Sources */,
				1DBC17D01355069000B50564 /* NSDate+Timesince.m in Sources */,
			);
			runOnlyForDeploymentPostprocessing = 0;
		};
/* End PBXSourcesBuildPhase section */

/* Begin PBXVariantGroup section */
		1D02C8FB133871C800B5415B /* InfoPlist.strings */ = {
			isa = PBXVariantGroup;
			children = (
				1D02C8FC133871C800B5415B /* en */,
			);
			name = InfoPlist.strings;
			sourceTree = "<group>";
		};
		1D02C904133871C800B5415B /* MainWindow.xib */ = {
			isa = PBXVariantGroup;
			children = (
				1D02C905133871C800B5415B /* en */,
			);
			name = MainWindow.xib;
			sourceTree = "<group>";
		};
/* End PBXVariantGroup section */

/* Begin XCBuildConfiguration section */
		1D02C90D133871C800B5415B /* Debug */ = {
			isa = XCBuildConfiguration;
			buildSettings = {
				ARCHS = "$(ARCHS_STANDARD_32_BIT)";
				"CODE_SIGN_IDENTITY[sdk=iphoneos*]" = "iPhone Developer";
				GCC_C_LANGUAGE_STANDARD = gnu99;
				GCC_OPTIMIZATION_LEVEL = 0;
				GCC_PREPROCESSOR_DEFINITIONS = "DEBUG=1";
				GCC_SYMBOLS_PRIVATE_EXTERN = NO;
				GCC_VERSION = com.apple.compilers.llvmgcc42;
				GCC_WARN_ABOUT_RETURN_TYPE = YES;
				GCC_WARN_UNUSED_VARIABLE = YES;
				IPHONEOS_DEPLOYMENT_TARGET = 4.3;
				SDKROOT = iphoneos;
			};
			name = Debug;
		};
		1D02C90E133871C800B5415B /* Release */ = {
			isa = XCBuildConfiguration;
			buildSettings = {
				ARCHS = "$(ARCHS_STANDARD_32_BIT)";
				"CODE_SIGN_IDENTITY[sdk=iphoneos*]" = "iPhone Developer";
				GCC_C_LANGUAGE_STANDARD = gnu99;
				GCC_VERSION = com.apple.compilers.llvmgcc42;
				GCC_WARN_ABOUT_RETURN_TYPE = YES;
				GCC_WARN_UNUSED_VARIABLE = YES;
				IPHONEOS_DEPLOYMENT_TARGET = 4.3;
				OTHER_CFLAGS = "-DNS_BLOCK_ASSERTIONS=1";
				SDKROOT = iphoneos;
			};
			name = Release;
		};
		1D02C910133871C800B5415B /* Debug */ = {
			isa = XCBuildConfiguration;
			buildSettings = {
				ALWAYS_SEARCH_USER_PATHS = NO;
				COPY_PHASE_STRIP = NO;
				GCC_DYNAMIC_NO_PIC = NO;
				GCC_PRECOMPILE_PREFIX_HEADER = YES;
				GCC_PREFIX_HEADER = "SDI/SDI-Prefix.pch";
				INFOPLIST_FILE = "SDI/SDI-Info.plist";
				LIBRARY_SEARCH_PATHS = (
					"$(inherited)",
					"\"$(SRCROOT)/LPLibrary/lib\"",
				);
				PRODUCT_NAME = "$(TARGET_NAME)";
				WRAPPER_EXTENSION = app;
			};
			name = Debug;
		};
		1D02C911133871C800B5415B /* Release */ = {
			isa = XCBuildConfiguration;
			buildSettings = {
				ALWAYS_SEARCH_USER_PATHS = NO;
				COPY_PHASE_STRIP = YES;
				GCC_PRECOMPILE_PREFIX_HEADER = YES;
				GCC_PREFIX_HEADER = "SDI/SDI-Prefix.pch";
				INFOPLIST_FILE = "SDI/SDI-Info.plist";
				LIBRARY_SEARCH_PATHS = (
					"$(inherited)",
					"\"$(SRCROOT)/LPLibrary/lib\"",
				);
				PRODUCT_NAME = "$(TARGET_NAME)";
				VALIDATE_PRODUCT = YES;
				WRAPPER_EXTENSION = app;
			};
			name = Release;
		};
/* End XCBuildConfiguration section */

/* Begin XCConfigurationList section */
		1D02C8E8133871C800B5415B /* Build configuration list for PBXProject "SDI" */ = {
			isa = XCConfigurationList;
			buildConfigurations = (
				1D02C90D133871C800B5415B /* Debug */,
				1D02C90E133871C800B5415B /* Release */,
			);
			defaultConfigurationIsVisible = 0;
			defaultConfigurationName = Release;
		};
		1D02C90F133871C800B5415B /* Build configuration list for PBXNativeTarget "SDI" */ = {
			isa = XCConfigurationList;
			buildConfigurations = (
				1D02C910133871C800B5415B /* Debug */,
				1D02C911133871C800B5415B /* Release */,
			);
			defaultConfigurationIsVisible = 0;
			defaultConfigurationName = Release;
		};
/* End XCConfigurationList section */

/* Begin XCVersionGroup section */
		1D2318D1134305530029B6ED /* SDI.xcdatamodeld */ = {
			isa = XCVersionGroup;
			children = (
				1D2318D2134305530029B6ED /* SDI.xcdatamodel */,
			);
			currentVersion = 1D2318D2134305530029B6ED /* SDI.xcdatamodel */;
			path = SDI.xcdatamodeld;
			sourceTree = "<group>";
			versionGroupType = wrapper.xcdatamodel;
		};
/* End XCVersionGroup section */
	};
	rootObject = 1D02C8E5133871C800B5415B /* Project object */;
}
